
Microsoft Visual Studio Solution File, Format Version 12.00
# Visual Studio 15
VisualStudioVersion = 15.0.27004.2010
MinimumVisualStudioVersion = 10.0.40219.1
Project("{FAE04EC0-301F-11D3-BF4B-00C04F79EFBC}") = "XAMessagingCenter.Android", "XAMessagingCenter\XAMessagingCenter.Android\XAMessagingCenter.Android.csproj", "{963EB810-6ECE-4E4B-A72A-055CB6D52B74}"
EndProject
Project("{FAE04EC0-301F-11D3-BF4B-00C04F79EFBC}") = "XAMessagingCenter", "XAMessagingCenter\XAMessagingCenter\XAMessagingCenter.csproj", "{10D4B0F9-7D01-4B30-9361-8F31D3E761B1}"
EndProject
Project("{FAE04EC0-301F-11D3-BF4B-00C04F79EFBC}") = "XAMessagingCenter.UWP", "XAMessagingCenter\XAMessagingCenter.UWP\XAMessagingCenter.UWP.csproj", "{5A94C1BB-F0BF-4213-BA95-134C046D4397}"
EndProject
Project("{FAE04EC0-301F-11D3-BF4B-00C04F79EFBC}") = "XAMessagingCenter.iOS", "XAMessagingCenter\XAMessagingCenter.iOS\XAMessagingCenter.iOS.csproj", "{A05628DE-BC14-4D5F-85B2-ABFA3CB911CE}"
EndProject
Global
	GlobalSection(SolutionConfigurationPlatforms) = preSolution
		Ad-Hoc|Any CPU = Ad-Hoc|Any CPU
		Ad-Hoc|ARM = Ad-Hoc|ARM
		Ad-Hoc|iPhone = Ad-Hoc|iPhone
		Ad-Hoc|iPhoneSimulator = Ad-Hoc|iPhoneSimulator
		Ad-Hoc|x64 = Ad-Hoc|x64
		Ad-Hoc|x86 = Ad-Hoc|x86
		AppStore|Any CPU = AppStore|Any CPU
		AppStore|ARM = AppStore|ARM
		AppStore|iPhone = AppStore|iPhone
		AppStore|iPhoneSimulator = AppStore|iPhoneSimulator
		AppStore|x64 = AppStore|x64
		AppStore|x86 = AppStore|x86
		Debug|Any CPU = Debug|Any CPU
		Debug|ARM = Debug|ARM
		Debug|iPhone = Debug|iPhone
		Debug|iPhoneSimulator = Debug|iPhoneSimulator
		Debug|x64 = Debug|x64
		Debug|x86 = Debug|x86
		Release|Any CPU = Release|Any CPU
		Release|ARM = Release|ARM
		Release|iPhone = Release|iPhone
		Release|iPhoneSimulator = Release|iPhoneSimulator
		Release|x64 = Release|x64
		Release|x86 = Release|x86
	EndGlobalSection
	GlobalSection(ProjectConfigurationPlatforms) = postSolution
		{963EB810-6ECE-4E4B-A72A-055CB6D52B74}.Ad-Hoc|Any CPU.ActiveCfg = Release|Any CPU
		{963EB810-6ECE-4E4B-A72A-055CB6D52B74}.Ad-Hoc|Any CPU.Build.0 = Release|Any CPU
		{963EB810-6ECE-4E4B-A72A-055CB6D52B74}.Ad-Hoc|Any CPU.Deploy.0 = Release|Any CPU
		{963EB810-6ECE-4E4B-A72A-055CB6D52B74}.Ad-Hoc|ARM.ActiveCfg = Release|Any CPU
		{963EB810-6ECE-4E4B-A72A-055CB6D52B74}.Ad-Hoc|ARM.Build.0 = Release|Any CPU
		{963EB810-6ECE-4E4B-A72A-055CB6D52B74}.Ad-Hoc|ARM.Deploy.0 = Release|Any CPU
		{963EB810-6ECE-4E4B-A72A-055CB6D52B74}.Ad-Hoc|iPhone.ActiveCfg = Release|Any CPU
		{963EB810-6ECE-4E4B-A72A-055CB6D52B74}.Ad-Hoc|iPhone.Build.0 = Release|Any CPU
		{963EB810-6ECE-4E4B-A72A-055CB6D52B74}.Ad-Hoc|iPhone.Deploy.0 = Release|Any CPU
		{963EB810-6ECE-4E4B-A72A-055CB6D52B74}.Ad-Hoc|iPhoneSimulator.ActiveCfg = Release|Any CPU
		{963EB810-6ECE-4E4B-A72A-055CB6D52B74}.Ad-Hoc|iPhoneSimulator.Build.0 = Release|Any CPU
		{963EB810-6ECE-4E4B-A72A-055CB6D52B74}.Ad-Hoc|iPhoneSimulator.Deploy.0 = Release|Any CPU
		{963EB810-6ECE-4E4B-A72A-055CB6D52B74}.Ad-Hoc|x64.ActiveCfg = Release|Any CPU
		{963EB810-6ECE-4E4B-A72A-055CB6D52B74}.Ad-Hoc|x64.Build.0 = Release|Any CPU
		{963EB810-6ECE-4E4B-A72A-055CB6D52B74}.Ad-Hoc|x64.Deploy.0 = Release|Any CPU
		{963EB810-6ECE-4E4B-A72A-055CB6D52B74}.Ad-Hoc|x86.ActiveCfg = Release|Any CPU
		{963EB810-6ECE-4E4B-A72A-055CB6D52B74}.Ad-Hoc|x86.Build.0 = Release|Any CPU
		{963EB810-6ECE-4E4B-A72A-055CB6D52B74}.Ad-Hoc|x86.Deploy.0 = Release|Any CPU
		{963EB810-6ECE-4E4B-A72A-055CB6D52B74}.AppStore|Any CPU.ActiveCfg = Release|Any CPU
		{963EB810-6ECE-4E4B-A72A-055CB6D52B74}.AppStore|Any CPU.Build.0 = Release|Any CPU
		{963EB810-6ECE-4E4B-A72A-055CB6D52B74}.AppStore|Any CPU.Deploy.0 = Release|Any CPU
		{963EB810-6ECE-4E4B-A72A-055CB6D52B74}.AppStore|ARM.ActiveCfg = Release|Any CPU
		{963EB810-6ECE-4E4B-A72A-055CB6D52B74}.AppStore|ARM.Build.0 = Release|Any CPU
		{963EB810-6ECE-4E4B-A72A-055CB6D52B74}.AppStore|ARM.Deploy.0 = Release|Any CPU
		{963EB810-6ECE-4E4B-A72A-055CB6D52B74}.AppStore|iPhone.ActiveCfg = Release|Any CPU
		{963EB810-6ECE-4E4B-A72A-055CB6D52B74}.AppStore|iPhone.Build.0 = Release|Any CPU
		{963EB810-6ECE-4E4B-A72A-055CB6D52B74}.AppStore|iPhone.Deploy.0 = Release|Any CPU
		{963EB810-6ECE-4E4B-A72A-055CB6D52B74}.AppStore|iPhoneSimulator.ActiveCfg = Release|Any CPU
		{963EB810-6ECE-4E4B-A72A-055CB6D52B74}.AppStore|iPhoneSimulator.Build.0 = Release|Any CPU
		{963EB810-6ECE-4E4B-A72A-055CB6D52B74}.AppStore|iPhoneSimulator.Deploy.0 = Release|Any CPU
		{963EB810-6ECE-4E4B-A72A-055CB6D52B74}.AppStore|x64.ActiveCfg = Release|Any CPU
		{963EB810-6ECE-4E4B-A72A-055CB6D52B74}.AppStore|x64.Build.0 = Release|Any CPU
		{963EB810-6ECE-4E4B-A72A-055CB6D52B74}.AppStore|x64.Deploy.0 = Release|Any CPU
		{963EB810-6ECE-4E4B-A72A-055CB6D52B74}.AppStore|x86.ActiveCfg = Release|Any CPU
		{963EB810-6ECE-4E4B-A72A-055CB6D52B74}.AppStore|x86.Build.0 = Release|Any CPU
		{963EB810-6ECE-4E4B-A72A-055CB6D52B74}.AppStore|x86.Deploy.0 = Release|Any CPU
		{963EB810-6ECE-4E4B-A72A-055CB6D52B74}.Debug|Any CPU.ActiveCfg = Debug|Any CPU
		{963EB810-6ECE-4E4B-A72A-055CB6D52B74}.Debug|Any CPU.Build.0 = Debug|Any CPU
		{963EB810-6ECE-4E4B-A72A-055CB6D52B74}.Debug|Any CPU.Deploy.0 = Debug|Any CPU
		{963EB810-6ECE-4E4B-A72A-055CB6D52B74}.Debug|ARM.ActiveCfg = Debug|Any CPU
		{963EB810-6ECE-4E4B-A72A-055CB6D52B74}.Debug|ARM.Build.0 = Debug|Any CPU
		{963EB810-6ECE-4E4B-A72A-055CB6D52B74}.Debug|ARM.Deploy.0 = Debug|Any CPU
		{963EB810-6ECE-4E4B-A72A-055CB6D52B74}.Debug|iPhone.ActiveCfg = Debug|Any CPU
		{963EB810-6ECE-4E4B-A72A-055CB6D52B74}.Debug|iPhone.Build.0 = Debug|Any CPU
		{963EB810-6ECE-4E4B-A72A-055CB6D52B74}.Debug|iPhone.Deploy.0 = Debug|Any CPU
		{963EB810-6ECE-4E4B-A72A-055CB6D52B74}.Debug|iPhoneSimulator.ActiveCfg = Debug|Any CPU
		{963EB810-6ECE-4E4B-A72A-055CB6D52B74}.Debug|iPhoneSimulator.Build.0 = Debug|Any CPU
		{963EB810-6ECE-4E4B-A72A-055CB6D52B74}.Debug|iPhoneSimulator.Deploy.0 = Debug|Any CPU
		{963EB810-6ECE-4E4B-A72A-055CB6D52B74}.Debug|x64.ActiveCfg = Debug|Any CPU
		{963EB810-6ECE-4E4B-A72A-055CB6D52B74}.Debug|x64.Build.0 = Debug|Any CPU
		{963EB810-6ECE-4E4B-A72A-055CB6D52B74}.Debug|x64.Deploy.0 = Debug|Any CPU
		{963EB810-6ECE-4E4B-A72A-055CB6D52B74}.Debug|x86.ActiveCfg = Debug|Any CPU
		{963EB810-6ECE-4E4B-A72A-055CB6D52B74}.Debug|x86.Build.0 = Debug|Any CPU
		{963EB810-6ECE-4E4B-A72A-055CB6D52B74}.Debug|x86.Deploy.0 = Debug|Any CPU
		{963EB810-6ECE-4E4B-A72A-055CB6D52B74}.Release|Any CPU.ActiveCfg = Release|Any CPU
		{963EB810-6ECE-4E4B-A72A-055CB6D52B74}.Release|Any CPU.Build.0 = Release|Any CPU
		{963EB810-6ECE-4E4B-A72A-055CB6D52B74}.Release|Any CPU.Deploy.0 = Release|Any CPU
		{963EB810-6ECE-4E4B-A72A-055CB6D52B74}.Release|ARM.ActiveCfg = Release|Any CPU
		{963EB810-6ECE-4E4B-A72A-055CB6D52B74}.Release|ARM.Build.0 = Release|Any CPU
		{963EB810-6ECE-4E4B-A72A-055CB6D52B74}.Release|ARM.Deploy.0 = Release|Any CPU
		{963EB810-6ECE-4E4B-A72A-055CB6D52B74}.Release|iPhone.ActiveCfg = Release|Any CPU
		{963EB810-6ECE-4E4B-A72A-055CB6D52B74}.Release|iPhone.Build.0 = Release|Any CPU
		{963EB810-6ECE-4E4B-A72A-055CB6D52B74}.Release|iPhone.Deploy.0 = Release|Any CPU
		{963EB810-6ECE-4E4B-A72A-055CB6D52B74}.Release|iPhoneSimulator.ActiveCfg = Release|Any CPU
		{963EB810-6ECE-4E4B-A72A-055CB6D52B74}.Release|iPhoneSimulator.Build.0 = Release|Any CPU
		{963EB810-6ECE-4E4B-A72A-055CB6D52B74}.Release|iPhoneSimulator.Deploy.0 = Release|Any CPU
		{963EB810-6ECE-4E4B-A72A-055CB6D52B74}.Release|x64.ActiveCfg = Release|Any CPU
		{963EB810-6ECE-4E4B-A72A-055CB6D52B74}.Release|x64.Build.0 = Release|Any CPU
		{963EB810-6ECE-4E4B-A72A-055CB6D52B74}.Release|x64.Deploy.0 = Release|Any CPU
		{963EB810-6ECE-4E4B-A72A-055CB6D52B74}.Release|x86.ActiveCfg = Release|Any CPU
		{963EB810-6ECE-4E4B-A72A-055CB6D52B74}.Release|x86.Build.0 = Release|Any CPU
		{963EB810-6ECE-4E4B-A72A-055CB6D52B74}.Release|x86.Deploy.0 = Release|Any CPU
		{10D4B0F9-7D01-4B30-9361-8F31D3E761B1}.Ad-Hoc|Any CPU.ActiveCfg = Release|Any CPU
		{10D4B0F9-7D01-4B30-9361-8F31D3E761B1}.Ad-Hoc|Any CPU.Build.0 = Release|Any CPU
		{10D4B0F9-7D01-4B30-9361-8F31D3E761B1}.Ad-Hoc|ARM.ActiveCfg = Release|Any CPU
		{10D4B0F9-7D01-4B30-9361-8F31D3E761B1}.Ad-Hoc|ARM.Build.0 = Release|Any CPU
		{10D4B0F9-7D01-4B30-9361-8F31D3E761B1}.Ad-Hoc|iPhone.ActiveCfg = Release|Any CPU
		{10D4B0F9-7D01-4B30-9361-8F31D3E761B1}.Ad-Hoc|iPhone.Build.0 = Release|Any CPU
		{10D4B0F9-7D01-4B30-9361-8F31D3E761B1}.Ad-Hoc|iPhoneSimulator.ActiveCfg = Release|Any CPU
		{10D4B0F9-7D01-4B30-9361-8F31D3E761B1}.Ad-Hoc|iPhoneSimulator.Build.0 = Release|Any CPU
		{10D4B0F9-7D01-4B30-9361-8F31D3E761B1}.Ad-Hoc|x64.ActiveCfg = Release|Any CPU
		{10D4B0F9-7D01-4B30-9361-8F31D3E761B1}.Ad-Hoc|x64.Build.0 = Release|Any CPU
		{10D4B0F9-7D01-4B30-9361-8F31D3E761B1}.Ad-Hoc|x86.ActiveCfg = Release|Any CPU
		{10D4B0F9-7D01-4B30-9361-8F31D3E761B1}.Ad-Hoc|x86.Build.0 = Release|Any CPU
		{10D4B0F9-7D01-4B30-9361-8F31D3E761B1}.AppStore|Any CPU.ActiveCfg = Release|Any CPU
		{10D4B0F9-7D01-4B30-9361-8F31D3E761B1}.AppStore|Any CPU.Build.0 = Release|Any CPU
		{10D4B0F9-7D01-4B30-9361-8F31D3E761B1}.AppStore|ARM.ActiveCfg = Release|Any CPU
		{10D4B0F9-7D01-4B30-9361-8F31D3E761B1}.AppStore|ARM.Build.0 = Release|Any CPU
		{10D4B0F9-7D01-4B30-9361-8F31D3E761B1}.AppStore|iPhone.ActiveCfg = Release|Any CPU
		{10D4B0F9-7D01-4B30-9361-8F31D3E761B1}.AppStore|iPhone.Build.0 = Release|Any CPU
		{10D4B0F9-7D01-4B30-9361-8F31D3E761B1}.AppStore|iPhoneSimulator.ActiveCfg = Release|Any CPU
		{10D4B0F9-7D01-4B30-9361-8F31D3E761B1}.AppStore|iPhoneSimulator.Build.0 = Release|Any CPU
		{10D4B0F9-7D01-4B30-9361-8F31D3E761B1}.AppStore|x64.ActiveCfg = Release|Any CPU
		{10D4B0F9-7D01-4B30-9361-8F31D3E761B1}.AppStore|x64.Build.0 = Release|Any CPU
		{10D4B0F9-7D01-4B30-9361-8F31D3E761B1}.AppStore|x86.ActiveCfg = Release|Any CPU
		{10D4B0F9-7D01-4B30-9361-8F31D3E761B1}.AppStore|x86.Build.0 = Release|Any CPU
		{10D4B0F9-7D01-4B30-9361-8F31D3E761B1}.Debug|Any CPU.ActiveCfg = Debug|Any CPU
		{10D4B0F9-7D01-4B30-9361-8F31D3E761B1}.Debug|Any CPU.Build.0 = Debug|Any CPU
		{10D4B0F9-7D01-4B30-9361-8F31D3E761B1}.Debug|ARM.ActiveCfg = Debug|Any CPU
		{10D4B0F9-7D01-4B30-9361-8F31D3E761B1}.Debug|ARM.Build.0 = Debug|Any CPU
		{10D4B0F9-7D01-4B30-9361-8F31D3E761B1}.Debug|iPhone.ActiveCfg = Debug|Any CPU
		{10D4B0F9-7D01-4B30-9361-8F31D3E761B1}.Debug|iPhone.Build.0 = Debug|Any CPU
		{10D4B0F9-7D01-4B30-9361-8F31D3E761B1}.Debug|iPhoneSimulator.ActiveCfg = Debug|Any CPU
		{10D4B0F9-7D01-4B30-9361-8F31D3E761B1}.Debug|iPhoneSimulator.Build.0 = Debug|Any CPU
		{10D4B0F9-7D01-4B30-9361-8F31D3E761B1}.Debug|x64.ActiveCfg = Debug|Any CPU
		{10D4B0F9-7D01-4B30-9361-8F31D3E761B1}.Debug|x64.Build.0 = Debug|Any CPU
		{10D4B0F9-7D01-4B30-9361-8F31D3E761B1}.Debug|x86.ActiveCfg = Debug|Any CPU
		{10D4B0F9-7D01-4B30-9361-8F31D3E761B1}.Debug|x86.Build.0 = Debug|Any CPU
		{10D4B0F9-7D01-4B30-9361-8F31D3E761B1}.Release|Any CPU.ActiveCfg = Release|Any CPU
		{10D4B0F9-7D01-4B30-9361-8F31D3E761B1}.Release|Any CPU.Build.0 = Release|Any CPU
		{10D4B0F9-7D01-4B30-9361-8F31D3E761B1}.Release|ARM.ActiveCfg = Release|Any CPU
		{10D4B0F9-7D01-4B30-9361-8F31D3E761B1}.Release|ARM.Build.0 = Release|Any CPU
		{10D4B0F9-7D01-4B30-9361-8F31D3E761B1}.Release|iPhone.ActiveCfg = Release|Any CPU
		{10D4B0F9-7D01-4B30-9361-8F31D3E761B1}.Release|iPhone.Build.0 = Release|Any CPU
		{10D4B0F9-7D01-4B30-9361-8F31D3E761B1}.Release|iPhoneSimulator.ActiveCfg = Release|Any CPU
		{10D4B0F9-7D01-4B30-9361-8F31D3E761B1}.Release|iPhoneSimulator.Build.0 = Release|Any CPU
		{10D4B0F9-7D01-4B30-9361-8F31D3E761B1}.Release|x64.ActiveCfg = Release|Any CPU
		{10D4B0F9-7D01-4B30-9361-8F31D3E761B1}.Release|x64.Build.0 = Release|Any CPU
		{10D4B0F9-7D01-4B30-9361-8F31D3E761B1}.Release|x86.ActiveCfg = Release|Any CPU
		{10D4B0F9-7D01-4B30-9361-8F31D3E761B1}.Release|x86.Build.0 = Release|Any CPU
		{5A94C1BB-F0BF-4213-BA95-134C046D4397}.Ad-Hoc|Any CPU.ActiveCfg = Release|x86
		{5A94C1BB-F0BF-4213-BA95-134C046D4397}.Ad-Hoc|Any CPU.Build.0 = Release|x86
		{5A94C1BB-F0BF-4213-BA95-134C046D4397}.Ad-Hoc|Any CPU.Deploy.0 = Release|x86
		{5A94C1BB-F0BF-4213-BA95-134C046D4397}.Ad-Hoc|ARM.ActiveCfg = Release|ARM
		{5A94C1BB-F0BF-4213-BA95-134C046D4397}.Ad-Hoc|ARM.Build.0 = Release|ARM
		{5A94C1BB-F0BF-4213-BA95-134C046D4397}.Ad-Hoc|ARM.Deploy.0 = Release|ARM
		{5A94C1BB-F0BF-4213-BA95-134C046D4397}.Ad-Hoc|iPhone.ActiveCfg = Release|x86
		{5A94C1BB-F0BF-4213-BA95-134C046D4397}.Ad-Hoc|iPhone.Build.0 = Release|x86
		{5A94C1BB-F0BF-4213-BA95-134C046D4397}.Ad-Hoc|iPhone.Deploy.0 = Release|x86
		{5A94C1BB-F0BF-4213-BA95-134C046D4397}.Ad-Hoc|iPhoneSimulator.ActiveCfg = Release|x86
		{5A94C1BB-F0BF-4213-BA95-134C046D4397}.Ad-Hoc|iPhoneSimulator.Build.0 = Release|x86
		{5A94C1BB-F0BF-4213-BA95-134C046D4397}.Ad-Hoc|iPhoneSimulator.Deploy.0 = Release|x86
		{5A94C1BB-F0BF-4213-BA95-134C046D4397}.Ad-Hoc|x64.ActiveCfg = Release|x64
		{5A94C1BB-F0BF-4213-BA95-134C046D4397}.Ad-Hoc|x64.Build.0 = Release|x64
		{5A94C1BB-F0BF-4213-BA95-134C046D4397}.Ad-Hoc|x64.Deploy.0 = Release|x64
		{5A94C1BB-F0BF-4213-BA95-134C046D4397}.Ad-Hoc|x86.ActiveCfg = Release|x86
		{5A94C1BB-F0BF-4213-BA95-134C046D4397}.Ad-Hoc|x86.Build.0 = Release|x86
		{5A94C1BB-F0BF-4213-BA95-134C046D4397}.Ad-Hoc|x86.Deploy.0 = Release|x86
		{5A94C1BB-F0BF-4213-BA95-134C046D4397}.AppStore|Any CPU.ActiveCfg = Release|x86
		{5A94C1BB-F0BF-4213-BA95-134C046D4397}.AppStore|Any CPU.Build.0 = Release|x86
		{5A94C1BB-F0BF-4213-BA95-134C046D4397}.AppStore|Any CPU.Deploy.0 = Release|x86
		{5A94C1BB-F0BF-4213-BA95-134C046D4397}.AppStore|ARM.ActiveCfg = Release|ARM
		{5A94C1BB-F0BF-4213-BA95-134C046D4397}.AppStore|ARM.Build.0 = Release|ARM
		{5A94C1BB-F0BF-4213-BA95-134C046D4397}.AppStore|ARM.Deploy.0 = Release|ARM
		{5A94C1BB-F0BF-4213-BA95-134C046D4397}.AppStore|iPhone.ActiveCfg = Release|x86
		{5A94C1BB-F0BF-4213-BA95-134C046D4397}.AppStore|iPhone.Build.0 = Release|x86
		{5A94C1BB-F0BF-4213-BA95-134C046D4397}.AppStore|iPhone.Deploy.0 = Release|x86
		{5A94C1BB-F0BF-4213-BA95-134C046D4397}.AppStore|iPhoneSimulator.ActiveCfg = Release|x86
		{5A94C1BB-F0BF-4213-BA95-134C046D4397}.AppStore|iPhoneSimulator.Build.0 = Release|x86
		{5A94C1BB-F0BF-4213-BA95-134C046D4397}.AppStore|iPhoneSimulator.Deploy.0 = Release|x86
		{5A94C1BB-F0BF-4213-BA95-134C046D4397}.AppStore|x64.ActiveCfg = Release|x64
		{5A94C1BB-F0BF-4213-BA95-134C046D4397}.AppStore|x64.Build.0 = Release|x64
		{5A94C1BB-F0BF-4213-BA95-134C046D4397}.AppStore|x64.Deploy.0 = Release|x64
		{5A94C1BB-F0BF-4213-BA95-134C046D4397}.AppStore|x86.ActiveCfg = Release|x86
		{5A94C1BB-F0BF-4213-BA95-134C046D4397}.AppStore|x86.Build.0 = Release|x86
		{5A94C1BB-F0BF-4213-BA95-134C046D4397}.AppStore|x86.Deploy.0 = Release|x86
		{5A94C1BB-F0BF-4213-BA95-134C046D4397}.Debug|Any CPU.ActiveCfg = Debug|x86
		{5A94C1BB-F0BF-4213-BA95-134C046D4397}.Debug|ARM.ActiveCfg = Debug|ARM
		{5A94C1BB-F0BF-4213-BA95-134C046D4397}.Debug|ARM.Build.0 = Debug|ARM
		{5A94C1BB-F0BF-4213-BA95-134C046D4397}.Debug|ARM.Deploy.0 = Debug|ARM
		{5A94C1BB-F0BF-4213-BA95-134C046D4397}.Debug|iPhone.ActiveCfg = Debug|x86
		{5A94C1BB-F0BF-4213-BA95-134C046D4397}.Debug|iPhoneSimulator.ActiveCfg = Debug|x86
		{5A94C1BB-F0BF-4213-BA95-134C046D4397}.Debug|x64.ActiveCfg = Debug|x64
		{5A94C1BB-F0BF-4213-BA95-134C046D4397}.Debug|x64.Build.0 = Debug|x64
		{5A94C1BB-F0BF-4213-BA95-134C046D4397}.Debug|x64.Deploy.0 = Debug|x64
		{5A94C1BB-F0BF-4213-BA95-134C046D4397}.Debug|x86.ActiveCfg = Debug|x86
		{5A94C1BB-F0BF-4213-BA95-134C046D4397}.Debug|x86.Build.0 = Debug|x86
		{5A94C1BB-F0BF-4213-BA95-134C046D4397}.Debug|x86.Deploy.0 = Debug|x86
		{5A94C1BB-F0BF-4213-BA95-134C046D4397}.Release|Any CPU.ActiveCfg = Release|x86
		{5A94C1BB-F0BF-4213-BA95-134C046D4397}.Release|ARM.ActiveCfg = Release|ARM
		{5A94C1BB-F0BF-4213-BA95-134C046D4397}.Release|ARM.Build.0 = Release|ARM
		{5A94C1BB-F0BF-4213-BA95-134C046D4397}.Release|ARM.Deploy.0 = Release|ARM
		{5A94C1BB-F0BF-4213-BA95-134C046D4397}.Release|iPhone.ActiveCfg = Release|x86
		{5A94C1BB-F0BF-4213-BA95-134C046D4397}.Release|iPhoneSimulator.ActiveCfg = Release|x86
		{5A94C1BB-F0BF-4213-BA95-134C046D4397}.Release|x64.ActiveCfg = Release|x64
		{5A94C1BB-F0BF-4213-BA95-134C046D4397}.Release|x64.Build.0 = Release|x64
		{5A94C1BB-F0BF-4213-BA95-134C046D4397}.Release|x64.Deploy.0 = Release|x64
		{5A94C1BB-F0BF-4213-BA95-134C046D4397}.Release|x86.ActiveCfg = Release|x86
		{5A94C1BB-F0BF-4213-BA95-134C046D4397}.Release|x86.Build.0 = Release|x86
		{5A94C1BB-F0BF-4213-BA95-134C046D4397}.Release|x86.Deploy.0 = Release|x86
		{A05628DE-BC14-4D5F-85B2-ABFA3CB911CE}.Ad-Hoc|Any CPU.ActiveCfg = Ad-Hoc|iPhoneSimulator
		{A05628DE-BC14-4D5F-85B2-ABFA3CB911CE}.Ad-Hoc|ARM.ActiveCfg = Ad-Hoc|iPhone
		{A05628DE-BC14-4D5F-85B2-ABFA3CB911CE}.Ad-Hoc|iPhone.ActiveCfg = Ad-Hoc|iPhone
		{A05628DE-BC14-4D5F-85B2-ABFA3CB911CE}.Ad-Hoc|iPhone.Build.0 = Ad-Hoc|iPhone
		{A05628DE-BC14-4D5F-85B2-ABFA3CB911CE}.Ad-Hoc|iPhoneSimulator.ActiveCfg = Ad-Hoc|iPhoneSimulator
		{A05628DE-BC14-4D5F-85B2-ABFA3CB911CE}.Ad-Hoc|iPhoneSimulator.Build.0 = Ad-Hoc|iPhoneSimulator
		{A05628DE-BC14-4D5F-85B2-ABFA3CB911CE}.Ad-Hoc|x64.ActiveCfg = Ad-Hoc|iPhone
		{A05628DE-BC14-4D5F-85B2-ABFA3CB911CE}.Ad-Hoc|x86.ActiveCfg = Ad-Hoc|iPhone
		{A05628DE-BC14-4D5F-85B2-ABFA3CB911CE}.AppStore|Any CPU.ActiveCfg = AppStore|iPhoneSimulator
		{A05628DE-BC14-4D5F-85B2-ABFA3CB911CE}.AppStore|ARM.ActiveCfg = AppStore|iPhone
		{A05628DE-BC14-4D5F-85B2-ABFA3CB911CE}.AppStore|iPhone.ActiveCfg = AppStore|iPhone
		{A05628DE-BC14-4D5F-85B2-ABFA3CB911CE}.AppStore|iPhone.Build.0 = AppStore|iPhone
		{A05628DE-BC14-4D5F-85B2-ABFA3CB911CE}.AppStore|iPhoneSimulator.ActiveCfg = AppStore|iPhoneSimulator
		{A05628DE-BC14-4D5F-85B2-ABFA3CB911CE}.AppStore|iPhoneSimulator.Build.0 = AppStore|iPhoneSimulator
		{A05628DE-BC14-4D5F-85B2-ABFA3CB911CE}.AppStore|x64.ActiveCfg = AppStore|iPhone
		{A05628DE-BC14-4D5F-85B2-ABFA3CB911CE}.AppStore|x86.ActiveCfg = AppStore|iPhone
		{A05628DE-BC14-4D5F-85B2-ABFA3CB911CE}.Debug|Any CPU.ActiveCfg = Debug|iPhoneSimulator
		{A05628DE-BC14-4D5F-85B2-ABFA3CB911CE}.Debug|ARM.ActiveCfg = Debug|iPhone
		{A05628DE-BC14-4D5F-85B2-ABFA3CB911CE}.Debug|iPhone.ActiveCfg = Debug|iPhone
		{A05628DE-BC14-4D5F-85B2-ABFA3CB911CE}.Debug|iPhone.Build.0 = Debug|iPhone
		{A05628DE-BC14-4D5F-85B2-ABFA3CB911CE}.Debug|iPhoneSimulator.ActiveCfg = Debug|iPhoneSimulator
		{A05628DE-BC14-4D5F-85B2-ABFA3CB911CE}.Debug|iPhoneSimulator.Build.0 = Debug|iPhoneSimulator
		{A05628DE-BC14-4D5F-85B2-ABFA3CB911CE}.Debug|x64.ActiveCfg = Debug|iPhone
		{A05628DE-BC14-4D5F-85B2-ABFA3CB911CE}.Debug|x86.ActiveCfg = Debug|iPhone
		{A05628DE-BC14-4D5F-85B2-ABFA3CB911CE}.Release|Any CPU.ActiveCfg = Release|iPhoneSimulator
		{A05628DE-BC14-4D5F-85B2-ABFA3CB911CE}.Release|ARM.ActiveCfg = Release|iPhone
		{A05628DE-BC14-4D5F-85B2-ABFA3CB911CE}.Release|iPhone.ActiveCfg = Release|iPhone
		{A05628DE-BC14-4D5F-85B2-ABFA3CB911CE}.Release|iPhone.Build.0 = Release|iPhone
		{A05628DE-BC14-4D5F-85B2-ABFA3CB911CE}.Release|iPhoneSimulator.ActiveCfg = Release|iPhoneSimulator
		{A05628DE-BC14-4D5F-85B2-ABFA3CB911CE}.Release|iPhoneSimulator.Build.0 = Release|iPhoneSimulator
		{A05628DE-BC14-4D5F-85B2-ABFA3CB911CE}.Release|x64.ActiveCfg = Release|iPhone
		{A05628DE-BC14-4D5F-85B2-ABFA3CB911CE}.Release|x86.ActiveCfg = Release|iPhone
	EndGlobalSection
	GlobalSection(SolutionProperties) = preSolution
		HideSolutionNode = FALSE
	EndGlobalSection
	GlobalSection(ExtensibilityGlobals) = postSolution
		SolutionGuid = {1ED60F58-D508-445A-8EA3-DDBECCA79828}
	EndGlobalSection
EndGlobal
